
Microsoft Visual Studio Solution File, Format Version 12.00
# Visual Studio Version 17
VisualStudioVersion = 17.0.31903.59
MinimumVisualStudioVersion = 10.0.40219.1
Project("{FAE04EC0-301F-11D3-BF4B-00C04F79EFBC}") = "SentinelBridge.App", "SentinelBridge.App\SentinelBridge.App.csproj", "{858B242F-95C0-4E59-881F-F557DDF3D0CE}"
EndProject
Project("{FAE04EC0-301F-11D3-BF4B-00C04F79EFBC}") = "SentinelBridge.Core", "SentinelBridge.Core\SentinelBridge.Core.csproj", "{C8CF0490-4E44-48C7-BBC5-CE80D3897FD9}"
EndProject
Project("{FAE04EC0-301F-11D3-BF4B-00C04F79EFBC}") = "SentinelBridge.Tests", "SentinelBridge.Tests\SentinelBridge.Tests.csproj", "{CDFB3A50-5DB9-4BEE-BCFE-6309ADF8B381}"
EndProject
Global
	GlobalSection(SolutionConfigurationPlatforms) = preSolution
		Debug|Any CPU = Debug|Any CPU
		Debug|x64 = Debug|x64
		Debug|x86 = Debug|x86
		Release|Any CPU = Release|Any CPU
		Release|x64 = Release|x64
		Release|x86 = Release|x86
	EndGlobalSection
	GlobalSection(ProjectConfigurationPlatforms) = postSolution
		{858B242F-95C0-4E59-881F-F557DDF3D0CE}.Debug|Any CPU.ActiveCfg = Debug|Any CPU
		{858B242F-95C0-4E59-881F-F557DDF3D0CE}.Debug|Any CPU.Build.0 = Debug|Any CPU
		{858B242F-95C0-4E59-881F-F557DDF3D0CE}.Debug|x64.ActiveCfg = Debug|Any CPU
		{858B242F-95C0-4E59-881F-F557DDF3D0CE}.Debug|x64.Build.0 = Debug|Any CPU
		{858B242F-95C0-4E59-881F-F557DDF3D0CE}.Debug|x86.ActiveCfg = Debug|Any CPU
		{858B242F-95C0-4E59-881F-F557DDF3D0CE}.Debug|x86.Build.0 = Debug|Any CPU
		{858B242F-95C0-4E59-881F-F557DDF3D0CE}.Release|Any CPU.ActiveCfg = Release|Any CPU
		{858B242F-95C0-4E59-881F-F557DDF3D0CE}.Release|Any CPU.Build.0 = Release|Any CPU
		{858B242F-95C0-4E59-881F-F557DDF3D0CE}.Release|x64.ActiveCfg = Release|Any CPU
		{858B242F-95C0-4E59-881F-F557DDF3D0CE}.Release|x64.Build.0 = Release|Any CPU
		{858B242F-95C0-4E59-881F-F557DDF3D0CE}.Release|x86.ActiveCfg = Release|Any CPU
		{858B242F-95C0-4E59-881F-F557DDF3D0CE}.Release|x86.Build.0 = Release|Any CPU
		{C8CF0490-4E44-48C7-BBC5-CE80D3897FD9}.Debug|Any CPU.ActiveCfg = Debug|Any CPU
		{C8CF0490-4E44-48C7-BBC5-CE80D3897FD9}.Debug|Any CPU.Build.0 = Debug|Any CPU
		{C8CF0490-4E44-48C7-BBC5-CE80D3897FD9}.Debug|x64.ActiveCfg = Debug|Any CPU
		{C8CF0490-4E44-48C7-BBC5-CE80D3897FD9}.Debug|x64.Build.0 = Debug|Any CPU
		{C8CF0490-4E44-48C7-BBC5-CE80D3897FD9}.Debug|x86.ActiveCfg = Debug|Any CPU
		{C8CF0490-4E44-48C7-BBC5-CE80D3897FD9}.Debug|x86.Build.0 = Debug|Any CPU
		{C8CF0490-4E44-48C7-BBC5-CE80D3897FD9}.Release|Any CPU.ActiveCfg = Release|Any CPU
		{C8CF0490-4E44-48C7-BBC5-CE80D3897FD9}.Release|Any CPU.Build.0 = Release|Any CPU
		{C8CF0490-4E44-48C7-BBC5-CE80D3897FD9}.Release|x64.ActiveCfg = Release|Any CPU
		{C8CF0490-4E44-48C7-BBC5-CE80D3897FD9}.Release|x64.Build.0 = Release|Any CPU
		{C8CF0490-4E44-48C7-BBC5-CE80D3897FD9}.Release|x86.ActiveCfg = Release|Any CPU
		{C8CF0490-4E44-48C7-BBC5-CE80D3897FD9}.Release|x86.Build.0 = Release|Any CPU
		{CDFB3A50-5DB9-4BEE-BCFE-6309ADF8B381}.Debug|Any CPU.ActiveCfg = Debug|Any CPU
		{CDFB3A50-5DB9-4BEE-BCFE-6309ADF8B381}.Debug|Any CPU.Build.0 = Debug|Any CPU
		{CDFB3A50-5DB9-4BEE-BCFE-6309ADF8B381}.Debug|x64.ActiveCfg = Debug|Any CPU
		{CDFB3A50-5DB9-4BEE-BCFE-6309ADF8B381}.Debug|x64.Build.0 = Debug|Any CPU
		{CDFB3A50-5DB9-4BEE-BCFE-6309ADF8B381}.Debug|x86.ActiveCfg = Debug|Any CPU
		{CDFB3A50-5DB9-4BEE-BCFE-6309ADF8B381}.Debug|x86.Build.0 = Debug|Any CPU
		{CDFB3A50-5DB9-4BEE-BCFE-6309ADF8B381}.Release|Any CPU.ActiveCfg = Release|Any CPU
		{CDFB3A50-5DB9-4BEE-BCFE-6309ADF8B381}.Release|Any CPU.Build.0 = Release|Any CPU
		{CDFB3A50-5DB9-4BEE-BCFE-6309ADF8B381}.Release|x64.ActiveCfg = Release|Any CPU
		{CDFB3A50-5DB9-4BEE-BCFE-6309ADF8B381}.Release|x64.Build.0 = Release|Any CPU
		{CDFB3A50-5DB9-4BEE-BCFE-6309ADF8B381}.Release|x86.ActiveCfg = Release|Any CPU
		{CDFB3A50-5DB9-4BEE-BCFE-6309ADF8B381}.Release|x86.Build.0 = Release|Any CPU
	EndGlobalSection
	GlobalSection(SolutionProperties) = preSolution
		HideSolutionNode = FALSE
	EndGlobalSection
EndGlobal
